
Microsoft Visual Studio Solution File, Format Version 12.00
# Visual Studio 15
VisualStudioVersion = 15.0.27130.2024
MinimumVisualStudioVersion = 10.0.40219.1
Project("{FAE04EC0-301F-11D3-BF4B-00C04F79EFBC}") = "CaptchaPart2", "CaptchaPart2\CaptchaPart2.csproj", "{A955E953-7587-43D9-99F3-ED0D0BDFE7CA}"
EndProject
Global
	GlobalSection(SolutionConfigurationPlatforms) = preSolution
		Debug|Any CPU = Debug|Any CPU
		Release|Any CPU = Release|Any CPU
	EndGlobalSection
	GlobalSection(ProjectConfigurationPlatforms) = postSolution
		{A955E953-7587-43D9-99F3-ED0D0BDFE7CA}.Debug|Any CPU.ActiveCfg = Debug|Any CPU
		{A955E953-7587-43D9-99F3-ED0D0BDFE7CA}.Debug|Any CPU.Build.0 = Debug|Any CPU
		{A955E953-7587-43D9-99F3-ED0D0BDFE7CA}.Release|Any CPU.ActiveCfg = Release|Any CPU
		{A955E953-7587-43D9-99F3-ED0D0BDFE7CA}.Release|Any CPU.Build.0 = Release|Any CPU
	EndGlobalSection
	GlobalSection(SolutionProperties) = preSolution
		HideSolutionNode = FALSE
	EndGlobalSection
	GlobalSection(ExtensibilityGlobals) = postSolution
		SolutionGuid = {10F32CC7-CB8D-4E7E-BAC5-2FAE23E20594}
	EndGlobalSection
EndGlobal
