
Microsoft Visual Studio Solution File, Format Version 12.00
# Visual Studio 15
VisualStudioVersion = 15.0.27130.2036
MinimumVisualStudioVersion = 10.0.40219.1
Project("{FAE04EC0-301F-11D3-BF4B-00C04F79EFBC}") = "Twisty", "Twisty\Twisty.csproj", "{B752B19D-7224-4793-B9CA-4CA10EAC8B94}"
EndProject
Global
	GlobalSection(SolutionConfigurationPlatforms) = preSolution
		Debug|Any CPU = Debug|Any CPU
		Release|Any CPU = Release|Any CPU
	EndGlobalSection
	GlobalSection(ProjectConfigurationPlatforms) = postSolution
		{B752B19D-7224-4793-B9CA-4CA10EAC8B94}.Debug|Any CPU.ActiveCfg = Debug|Any CPU
		{B752B19D-7224-4793-B9CA-4CA10EAC8B94}.Debug|Any CPU.Build.0 = Debug|Any CPU
		{B752B19D-7224-4793-B9CA-4CA10EAC8B94}.Release|Any CPU.ActiveCfg = Release|Any CPU
		{B752B19D-7224-4793-B9CA-4CA10EAC8B94}.Release|Any CPU.Build.0 = Release|Any CPU
	EndGlobalSection
	GlobalSection(SolutionProperties) = preSolution
		HideSolutionNode = FALSE
	EndGlobalSection
	GlobalSection(ExtensibilityGlobals) = postSolution
		SolutionGuid = {86FD6C4F-16A5-4D50-A5C2-639B246AB6A1}
	EndGlobalSection
EndGlobal
