
Microsoft Visual Studio Solution File, Format Version 12.00
# Visual Studio 15
VisualStudioVersion = 15.0.27130.2024
MinimumVisualStudioVersion = 10.0.40219.1
Project("{FAE04EC0-301F-11D3-BF4B-00C04F79EFBC}") = "SpiralMemory", "SpiralMemory\SpiralMemory.csproj", "{7E30BA2F-DF53-4D05-943B-46E10164F2B5}"
EndProject
Global
	GlobalSection(SolutionConfigurationPlatforms) = preSolution
		Debug|Any CPU = Debug|Any CPU
		Release|Any CPU = Release|Any CPU
	EndGlobalSection
	GlobalSection(ProjectConfigurationPlatforms) = postSolution
		{7E30BA2F-DF53-4D05-943B-46E10164F2B5}.Debug|Any CPU.ActiveCfg = Debug|Any CPU
		{7E30BA2F-DF53-4D05-943B-46E10164F2B5}.Debug|Any CPU.Build.0 = Debug|Any CPU
		{7E30BA2F-DF53-4D05-943B-46E10164F2B5}.Release|Any CPU.ActiveCfg = Release|Any CPU
		{7E30BA2F-DF53-4D05-943B-46E10164F2B5}.Release|Any CPU.Build.0 = Release|Any CPU
	EndGlobalSection
	GlobalSection(SolutionProperties) = preSolution
		HideSolutionNode = FALSE
	EndGlobalSection
	GlobalSection(ExtensibilityGlobals) = postSolution
		SolutionGuid = {0EB3C87A-6496-4D63-A300-E004F2F5DD53}
	EndGlobalSection
EndGlobal
