
Microsoft Visual Studio Solution File, Format Version 12.00
# Visual Studio 15
VisualStudioVersion = 15.0.27130.2024
MinimumVisualStudioVersion = 10.0.40219.1
Project("{FAE04EC0-301F-11D3-BF4B-00C04F79EFBC}") = "ChecksumB", "ChecksumB\ChecksumB.csproj", "{07597B5D-6163-4FE6-BB0E-96936002284B}"
EndProject
Global
	GlobalSection(SolutionConfigurationPlatforms) = preSolution
		Debug|Any CPU = Debug|Any CPU
		Release|Any CPU = Release|Any CPU
	EndGlobalSection
	GlobalSection(ProjectConfigurationPlatforms) = postSolution
		{07597B5D-6163-4FE6-BB0E-96936002284B}.Debug|Any CPU.ActiveCfg = Debug|Any CPU
		{07597B5D-6163-4FE6-BB0E-96936002284B}.Debug|Any CPU.Build.0 = Debug|Any CPU
		{07597B5D-6163-4FE6-BB0E-96936002284B}.Release|Any CPU.ActiveCfg = Release|Any CPU
		{07597B5D-6163-4FE6-BB0E-96936002284B}.Release|Any CPU.Build.0 = Release|Any CPU
	EndGlobalSection
	GlobalSection(SolutionProperties) = preSolution
		HideSolutionNode = FALSE
	EndGlobalSection
	GlobalSection(ExtensibilityGlobals) = postSolution
		SolutionGuid = {C8A65A4D-F3BE-4CEA-A1BD-951A7BAF933D}
	EndGlobalSection
EndGlobal
