
Microsoft Visual Studio Solution File, Format Version 12.00
# Visual Studio 15
VisualStudioVersion = 15.0.27130.2036
MinimumVisualStudioVersion = 10.0.40219.1
Project("{FAE04EC0-301F-11D3-BF4B-00C04F79EFBC}") = "HighEntropy", "HighEntropy\HighEntropy.csproj", "{5A264B8A-6379-4E9F-83D5-CE7890AA35CA}"
EndProject
Global
	GlobalSection(SolutionConfigurationPlatforms) = preSolution
		Debug|Any CPU = Debug|Any CPU
		Release|Any CPU = Release|Any CPU
	EndGlobalSection
	GlobalSection(ProjectConfigurationPlatforms) = postSolution
		{5A264B8A-6379-4E9F-83D5-CE7890AA35CA}.Debug|Any CPU.ActiveCfg = Debug|Any CPU
		{5A264B8A-6379-4E9F-83D5-CE7890AA35CA}.Debug|Any CPU.Build.0 = Debug|Any CPU
		{5A264B8A-6379-4E9F-83D5-CE7890AA35CA}.Release|Any CPU.ActiveCfg = Release|Any CPU
		{5A264B8A-6379-4E9F-83D5-CE7890AA35CA}.Release|Any CPU.Build.0 = Release|Any CPU
	EndGlobalSection
	GlobalSection(SolutionProperties) = preSolution
		HideSolutionNode = FALSE
	EndGlobalSection
	GlobalSection(ExtensibilityGlobals) = postSolution
		SolutionGuid = {49DE0780-28B3-4710-A85B-623EE07F217F}
	EndGlobalSection
EndGlobal
